
Microsoft Visual Studio Solution File, Format Version 12.00
# Visual Studio 2012
Project("{FAE04EC0-301F-11D3-BF4B-00C04F79EFBC}") = "SoapFuzzer", "WindowsApplication1\SoapFuzzer.csproj", "{42D5CBE5-3547-4AFD-879B-B3AAFAA7F0B5}"
EndProject
Global
	GlobalSection(SolutionConfigurationPlatforms) = preSolution
		Debug|Any CPU = Debug|Any CPU
		Release|Any CPU = Release|Any CPU
	EndGlobalSection
	GlobalSection(ProjectConfigurationPlatforms) = postSolution
		{42D5CBE5-3547-4AFD-879B-B3AAFAA7F0B5}.Debug|Any CPU.ActiveCfg = Debug|Any CPU
		{42D5CBE5-3547-4AFD-879B-B3AAFAA7F0B5}.Debug|Any CPU.Build.0 = Debug|Any CPU
		{42D5CBE5-3547-4AFD-879B-B3AAFAA7F0B5}.Release|Any CPU.ActiveCfg = Release|Any CPU
		{42D5CBE5-3547-4AFD-879B-B3AAFAA7F0B5}.Release|Any CPU.Build.0 = Release|Any CPU
	EndGlobalSection
	GlobalSection(SolutionProperties) = preSolution
		HideSolutionNode = FALSE
	EndGlobalSection
EndGlobal
